
Microsoft Visual Studio Solution File, Format Version 12.00
# Visual Studio Version 16
VisualStudioVersion = 16.0.29306.81
MinimumVisualStudioVersion = 10.0.40219.1
Project("{FAE04EC0-301F-11D3-BF4B-00C04F79EFBC}") = "05RAngle_15", "05RAngle_15.csproj", "{041E83C6-BFE7-4EE3-8389-98BB339B9AB9}"
EndProject
Global
	GlobalSection(SolutionConfigurationPlatforms) = preSolution
		Debug|Any CPU = Debug|Any CPU
		Release|Any CPU = Release|Any CPU
	EndGlobalSection
	GlobalSection(ProjectConfigurationPlatforms) = postSolution
		{041E83C6-BFE7-4EE3-8389-98BB339B9AB9}.Debug|Any CPU.ActiveCfg = Debug|Any CPU
		{041E83C6-BFE7-4EE3-8389-98BB339B9AB9}.Debug|Any CPU.Build.0 = Debug|Any CPU
		{041E83C6-BFE7-4EE3-8389-98BB339B9AB9}.Release|Any CPU.ActiveCfg = Release|Any CPU
		{041E83C6-BFE7-4EE3-8389-98BB339B9AB9}.Release|Any CPU.Build.0 = Release|Any CPU
	EndGlobalSection
	GlobalSection(SolutionProperties) = preSolution
		HideSolutionNode = FALSE
	EndGlobalSection
	GlobalSection(ExtensibilityGlobals) = postSolution
		SolutionGuid = {A180E420-2EF7-4BCA-B276-701F79507B24}
	EndGlobalSection
EndGlobal
