
Microsoft Visual Studio Solution File, Format Version 11.00
# Visual Studio 2010
Project("{FAE04EC0-301F-11D3-BF4B-00C04F79EFBC}") = "03R_Libreria_15", "03R_Libreria_15\03R_Libreria_15.csproj", "{26A25AA3-6462-4477-90C9-10806CB70C35}"
EndProject
Global
	GlobalSection(SolutionConfigurationPlatforms) = preSolution
		Debug|x86 = Debug|x86
		Release|x86 = Release|x86
	EndGlobalSection
	GlobalSection(ProjectConfigurationPlatforms) = postSolution
		{26A25AA3-6462-4477-90C9-10806CB70C35}.Debug|x86.ActiveCfg = Debug|x86
		{26A25AA3-6462-4477-90C9-10806CB70C35}.Debug|x86.Build.0 = Debug|x86
		{26A25AA3-6462-4477-90C9-10806CB70C35}.Release|x86.ActiveCfg = Release|x86
		{26A25AA3-6462-4477-90C9-10806CB70C35}.Release|x86.Build.0 = Release|x86
	EndGlobalSection
	GlobalSection(SolutionProperties) = preSolution
		HideSolutionNode = FALSE
	EndGlobalSection
EndGlobal
